
Microsoft Visual Studio Solution File, Format Version 12.00
# Visual Studio Version 17
VisualStudioVersion = 17.4.33103.184
MinimumVisualStudioVersion = 10.0.40219.1
Project("{FAE04EC0-301F-11D3-BF4B-00C04F79EFBC}") = "ProyectoFinalPROG3", "ProyectoFinalPROG3\ProyectoFinalPROG3.csproj", "{F507563B-2E84-46E3-B6B9-84654161DE38}"
EndProject
Global
	GlobalSection(SolutionConfigurationPlatforms) = preSolution
		Debug|Any CPU = Debug|Any CPU
		Release|Any CPU = Release|Any CPU
	EndGlobalSection
	GlobalSection(ProjectConfigurationPlatforms) = postSolution
		{F507563B-2E84-46E3-B6B9-84654161DE38}.Debug|Any CPU.ActiveCfg = Debug|Any CPU
		{F507563B-2E84-46E3-B6B9-84654161DE38}.Debug|Any CPU.Build.0 = Debug|Any CPU
		{F507563B-2E84-46E3-B6B9-84654161DE38}.Release|Any CPU.ActiveCfg = Release|Any CPU
		{F507563B-2E84-46E3-B6B9-84654161DE38}.Release|Any CPU.Build.0 = Release|Any CPU
	EndGlobalSection
	GlobalSection(SolutionProperties) = preSolution
		HideSolutionNode = FALSE
	EndGlobalSection
	GlobalSection(ExtensibilityGlobals) = postSolution
		SolutionGuid = {EAC4F200-546F-408B-BAD6-BB2B6E5BD1F4}
	EndGlobalSection
EndGlobal
